// !$*UTF8*$!
{
	archiveVersion = 1;
	classes = {
	};
	objectVersion = 48;
	objects = {

/* Begin PBXBuildFile section */
		7856B1C31FBCC7DE0014C0F9 /* AppDelegate.swift in Sources */ = {isa = PBXBuildFile; fileRef = 7856B1C21FBCC7DE0014C0F9 /* AppDelegate.swift */; };
		7856B1C51FBCC7DE0014C0F9 /* NewJournalViewController.swift in Sources */ = {isa = PBXBuildFile; fileRef = 7856B1C41FBCC7DE0014C0F9 /* NewJournalViewController.swift */; };
		7856B1C81FBCC7DE0014C0F9 /* Main.storyboard in Resources */ = {isa = PBXBuildFile; fileRef = 7856B1C61FBCC7DE0014C0F9 /* Main.storyboard */; };
		7856B1CA1FBCC7DE0014C0F9 /* Assets.xcassets in Resources */ = {isa = PBXBuildFile; fileRef = 7856B1C91FBCC7DE0014C0F9 /* Assets.xcassets */; };
		7856B1CD1FBCC7DE0014C0F9 /* LaunchScreen.storyboard in Resources */ = {isa = PBXBuildFile; fileRef = 7856B1CB1FBCC7DE0014C0F9 /* LaunchScreen.storyboard */; };
		7878B73A1FC12794003482B5 /* EntryPointViewController.swift in Sources */ = {isa = PBXBuildFile; fileRef = 7878B7391FC12794003482B5 /* EntryPointViewController.swift */; };
		7878B73E1FC127C1003482B5 /* JournalDetailsViewController.swift in Sources */ = {isa = PBXBuildFile; fileRef = 7878B73D1FC127C1003482B5 /* JournalDetailsViewController.swift */; };
		7878B7401FC12960003482B5 /* JournalListTableViewController.swift in Sources */ = {isa = PBXBuildFile; fileRef = 7878B73F1FC12960003482B5 /* JournalListTableViewController.swift */; };
		7878B7421FC12F47003482B5 /* JournalProperties.swift in Sources */ = {isa = PBXBuildFile; fileRef = 7878B7411FC12F47003482B5 /* JournalProperties.swift */; };
		8B951AE31FBFCCD900FC171D /* AlchemyLanguageV1.framework in Frameworks */ = {isa = PBXBuildFile; fileRef = 8BD717941FBFBB1C002AB936 /* AlchemyLanguageV1.framework */; };
		8B951AE41FBFCCD900FC171D /* AlchemyLanguageV1.framework in Embed Frameworks */ = {isa = PBXBuildFile; fileRef = 8BD717941FBFBB1C002AB936 /* AlchemyLanguageV1.framework */; settings = {ATTRIBUTES = (CodeSignOnCopy, RemoveHeadersOnCopy, ); }; };
		8B951AE51FBFCCD900FC171D /* ConversationV1.framework in Frameworks */ = {isa = PBXBuildFile; fileRef = 8BD7179B1FBFBB1D002AB936 /* ConversationV1.framework */; };
		8B951AE61FBFCCD900FC171D /* ConversationV1.framework in Embed Frameworks */ = {isa = PBXBuildFile; fileRef = 8BD7179B1FBFBB1D002AB936 /* ConversationV1.framework */; settings = {ATTRIBUTES = (CodeSignOnCopy, RemoveHeadersOnCopy, ); }; };
		8B951AE81FBFCCD900FC171D /* DialogV1.framework in Embed Frameworks */ = {isa = PBXBuildFile; fileRef = 8BD717931FBFBB1C002AB936 /* DialogV1.framework */; settings = {ATTRIBUTES = (CodeSignOnCopy, RemoveHeadersOnCopy, ); }; };
		8B951AE91FBFCCD900FC171D /* DiscoveryV1.framework in Frameworks */ = {isa = PBXBuildFile; fileRef = 8BD717971FBFBB1D002AB936 /* DiscoveryV1.framework */; };
		8B951AEA1FBFCCD900FC171D /* DiscoveryV1.framework in Embed Frameworks */ = {isa = PBXBuildFile; fileRef = 8BD717971FBFBB1D002AB936 /* DiscoveryV1.framework */; settings = {ATTRIBUTES = (CodeSignOnCopy, RemoveHeadersOnCopy, ); }; };
		8B951AEC1FBFCCD900FC171D /* DocumentConversionV1.framework in Embed Frameworks */ = {isa = PBXBuildFile; fileRef = 8BD7178E1FBFBB1C002AB936 /* DocumentConversionV1.framework */; settings = {ATTRIBUTES = (CodeSignOnCopy, RemoveHeadersOnCopy, ); }; };
		8B951AED1FBFCCD900FC171D /* LanguageTranslatorV2.framework in Frameworks */ = {isa = PBXBuildFile; fileRef = 8BD717961FBFBB1D002AB936 /* LanguageTranslatorV2.framework */; };
		8B951AEE1FBFCCD900FC171D /* LanguageTranslatorV2.framework in Embed Frameworks */ = {isa = PBXBuildFile; fileRef = 8BD717961FBFBB1D002AB936 /* LanguageTranslatorV2.framework */; settings = {ATTRIBUTES = (CodeSignOnCopy, RemoveHeadersOnCopy, ); }; };
		8B951AEF1FBFCCD900FC171D /* NaturalLanguageClassifierV1.framework in Frameworks */ = {isa = PBXBuildFile; fileRef = 8BD7179C1FBFBB1D002AB936 /* NaturalLanguageClassifierV1.framework */; };
		8B951AF01FBFCCD900FC171D /* NaturalLanguageClassifierV1.framework in Embed Frameworks */ = {isa = PBXBuildFile; fileRef = 8BD7179C1FBFBB1D002AB936 /* NaturalLanguageClassifierV1.framework */; settings = {ATTRIBUTES = (CodeSignOnCopy, RemoveHeadersOnCopy, ); }; };
		8B951AF21FBFCCD900FC171D /* NaturalLanguageUnderstandingV1.framework in Embed Frameworks */ = {isa = PBXBuildFile; fileRef = 8BD717911FBFBB1C002AB936 /* NaturalLanguageUnderstandingV1.framework */; settings = {ATTRIBUTES = (CodeSignOnCopy, RemoveHeadersOnCopy, ); }; };
		8B951AF41FBFCCD900FC171D /* PersonalityInsightsV3.framework in Embed Frameworks */ = {isa = PBXBuildFile; fileRef = 8BD717981FBFBB1D002AB936 /* PersonalityInsightsV3.framework */; settings = {ATTRIBUTES = (CodeSignOnCopy, RemoveHeadersOnCopy, ); }; };
		8B951AF61FBFCCD900FC171D /* RelationshipExtractionV1Beta.framework in Embed Frameworks */ = {isa = PBXBuildFile; fileRef = 8BD717951FBFBB1D002AB936 /* RelationshipExtractionV1Beta.framework */; settings = {ATTRIBUTES = (CodeSignOnCopy, RemoveHeadersOnCopy, ); }; };
		8B951AF81FBFCCD900FC171D /* RetrieveAndRankV1.framework in Embed Frameworks */ = {isa = PBXBuildFile; fileRef = 8BD717991FBFBB1D002AB936 /* RetrieveAndRankV1.framework */; settings = {ATTRIBUTES = (CodeSignOnCopy, RemoveHeadersOnCopy, ); }; };
		8B951AFA1FBFCCD900FC171D /* SpeechToTextV1.framework in Embed Frameworks */ = {isa = PBXBuildFile; fileRef = 8BD7178F1FBFBB1C002AB936 /* SpeechToTextV1.framework */; settings = {ATTRIBUTES = (CodeSignOnCopy, RemoveHeadersOnCopy, ); }; };
		8B951AFC1FBFCCD900FC171D /* TextToSpeechV1.framework in Embed Frameworks */ = {isa = PBXBuildFile; fileRef = 8BD7179A1FBFBB1D002AB936 /* TextToSpeechV1.framework */; settings = {ATTRIBUTES = (CodeSignOnCopy, RemoveHeadersOnCopy, ); }; };
		8B951AFE1FBFCCDA00FC171D /* ToneAnalyzerV3.framework in Embed Frameworks */ = {isa = PBXBuildFile; fileRef = 8BD717921FBFBB1C002AB936 /* ToneAnalyzerV3.framework */; settings = {ATTRIBUTES = (CodeSignOnCopy, RemoveHeadersOnCopy, ); }; };
		8B951B001FBFCCDA00FC171D /* TradeoffAnalyticsV1.framework in Embed Frameworks */ = {isa = PBXBuildFile; fileRef = 8BD717901FBFBB1C002AB936 /* TradeoffAnalyticsV1.framework */; settings = {ATTRIBUTES = (CodeSignOnCopy, RemoveHeadersOnCopy, ); }; };
		8BD7179D1FBFBB1D002AB936 /* DocumentConversionV1.framework in Frameworks */ = {isa = PBXBuildFile; fileRef = 8BD7178E1FBFBB1C002AB936 /* DocumentConversionV1.framework */; };
		8BD7179E1FBFBB1D002AB936 /* SpeechToTextV1.framework in Frameworks */ = {isa = PBXBuildFile; fileRef = 8BD7178F1FBFBB1C002AB936 /* SpeechToTextV1.framework */; };
		8BD7179F1FBFBB1D002AB936 /* TradeoffAnalyticsV1.framework in Frameworks */ = {isa = PBXBuildFile; fileRef = 8BD717901FBFBB1C002AB936 /* TradeoffAnalyticsV1.framework */; };
		8BD717A01FBFBB1D002AB936 /* NaturalLanguageUnderstandingV1.framework in Frameworks */ = {isa = PBXBuildFile; fileRef = 8BD717911FBFBB1C002AB936 /* NaturalLanguageUnderstandingV1.framework */; };
		8BD717A11FBFBB1D002AB936 /* ToneAnalyzerV3.framework in Frameworks */ = {isa = PBXBuildFile; fileRef = 8BD717921FBFBB1C002AB936 /* ToneAnalyzerV3.framework */; };
		8BD717A21FBFBB1D002AB936 /* DialogV1.framework in Frameworks */ = {isa = PBXBuildFile; fileRef = 8BD717931FBFBB1C002AB936 /* DialogV1.framework */; };
		8BD717A41FBFBB1D002AB936 /* RelationshipExtractionV1Beta.framework in Frameworks */ = {isa = PBXBuildFile; fileRef = 8BD717951FBFBB1D002AB936 /* RelationshipExtractionV1Beta.framework */; };
		8BD717A71FBFBB1D002AB936 /* PersonalityInsightsV3.framework in Frameworks */ = {isa = PBXBuildFile; fileRef = 8BD717981FBFBB1D002AB936 /* PersonalityInsightsV3.framework */; };
		8BD717A81FBFBB1D002AB936 /* RetrieveAndRankV1.framework in Frameworks */ = {isa = PBXBuildFile; fileRef = 8BD717991FBFBB1D002AB936 /* RetrieveAndRankV1.framework */; };
		8BD717A91FBFBB1D002AB936 /* TextToSpeechV1.framework in Frameworks */ = {isa = PBXBuildFile; fileRef = 8BD7179A1FBFBB1D002AB936 /* TextToSpeechV1.framework */; };
		8BEE6C291FC2256D00A87588 /* MLSentimentModel.swift in Sources */ = {isa = PBXBuildFile; fileRef = 8BEE6C281FC2256D00A87588 /* MLSentimentModel.swift */; };
		8BEE6C2C1FC2257300A87588 /* ToneAnalyzer.swift in Sources */ = {isa = PBXBuildFile; fileRef = 8BEE6C2B1FC2257300A87588 /* ToneAnalyzer.swift */; };
		8BEE6C2E1FC2257700A87588 /* LinguisticWrapper.swift in Sources */ = {isa = PBXBuildFile; fileRef = 8BEE6C2D1FC2257700A87588 /* LinguisticWrapper.swift */; };
		8BEE6C311FC226B500A87588 /* ClassificationService.swift in Sources */ = {isa = PBXBuildFile; fileRef = 8BEE6C301FC226B500A87588 /* ClassificationService.swift */; };
		8BEE6C331FC226DC00A87588 /* Sentiment.swift in Sources */ = {isa = PBXBuildFile; fileRef = 8BEE6C321FC226DC00A87588 /* Sentiment.swift */; };
		8BEE6C341FC2274600A87588 /* SentimentPolarity.mlmodel in Sources */ = {isa = PBXBuildFile; fileRef = 8BEE6C2A1FC2257000A87588 /* SentimentPolarity.mlmodel */; };
/* End PBXBuildFile section */

/* Begin PBXCopyFilesBuildPhase section */
		8B951B011FBFCCDA00FC171D /* Embed Frameworks */ = {
			isa = PBXCopyFilesBuildPhase;
			buildActionMask = 2147483647;
			dstPath = "";
			dstSubfolderSpec = 10;
			files = (
				8B951AEA1FBFCCD900FC171D /* DiscoveryV1.framework in Embed Frameworks */,
				8B951AE61FBFCCD900FC171D /* ConversationV1.framework in Embed Frameworks */,
				8B951B001FBFCCDA00FC171D /* TradeoffAnalyticsV1.framework in Embed Frameworks */,
				8B951AEC1FBFCCD900FC171D /* DocumentConversionV1.framework in Embed Frameworks */,
				8B951AFC1FBFCCD900FC171D /* TextToSpeechV1.framework in Embed Frameworks */,
				8B951AF01FBFCCD900FC171D /* NaturalLanguageClassifierV1.framework in Embed Frameworks */,
				8B951AF21FBFCCD900FC171D /* NaturalLanguageUnderstandingV1.framework in Embed Frameworks */,
				8B951AE81FBFCCD900FC171D /* DialogV1.framework in Embed Frameworks */,
				8B951AF61FBFCCD900FC171D /* RelationshipExtractionV1Beta.framework in Embed Frameworks */,
				8B951AF81FBFCCD900FC171D /* RetrieveAndRankV1.framework in Embed Frameworks */,
				8B951AEE1FBFCCD900FC171D /* LanguageTranslatorV2.framework in Embed Frameworks */,
				8B951AE41FBFCCD900FC171D /* AlchemyLanguageV1.framework in Embed Frameworks */,
				8B951AFE1FBFCCDA00FC171D /* ToneAnalyzerV3.framework in Embed Frameworks */,
				8B951AF41FBFCCD900FC171D /* PersonalityInsightsV3.framework in Embed Frameworks */,
				8B951AFA1FBFCCD900FC171D /* SpeechToTextV1.framework in Embed Frameworks */,
			);
			name = "Embed Frameworks";
			runOnlyForDeploymentPostprocessing = 0;
		};
/* End PBXCopyFilesBuildPhase section */

/* Begin PBXFileReference section */
		7856B1BF1FBCC7DE0014C0F9 /* 599 Prototype.app */ = {isa = PBXFileReference; explicitFileType = wrapper.application; includeInIndex = 0; path = "599 Prototype.app"; sourceTree = BUILT_PRODUCTS_DIR; };
		7856B1C21FBCC7DE0014C0F9 /* AppDelegate.swift */ = {isa = PBXFileReference; lastKnownFileType = sourcecode.swift; path = AppDelegate.swift; sourceTree = "<group>"; };
		7856B1C41FBCC7DE0014C0F9 /* NewJournalViewController.swift */ = {isa = PBXFileReference; lastKnownFileType = sourcecode.swift; path = NewJournalViewController.swift; sourceTree = "<group>"; };
		7856B1C71FBCC7DE0014C0F9 /* Base */ = {isa = PBXFileReference; lastKnownFileType = file.storyboard; name = Base; path = Base.lproj/Main.storyboard; sourceTree = "<group>"; };
		7856B1C91FBCC7DE0014C0F9 /* Assets.xcassets */ = {isa = PBXFileReference; lastKnownFileType = folder.assetcatalog; path = Assets.xcassets; sourceTree = "<group>"; };
		7856B1CC1FBCC7DE0014C0F9 /* Base */ = {isa = PBXFileReference; lastKnownFileType = file.storyboard; name = Base; path = Base.lproj/LaunchScreen.storyboard; sourceTree = "<group>"; };
		7856B1CE1FBCC7DE0014C0F9 /* Info.plist */ = {isa = PBXFileReference; lastKnownFileType = text.plist.xml; path = Info.plist; sourceTree = "<group>"; };
		7878B7391FC12794003482B5 /* EntryPointViewController.swift */ = {isa = PBXFileReference; lastKnownFileType = sourcecode.swift; path = EntryPointViewController.swift; sourceTree = "<group>"; };
		7878B73D1FC127C1003482B5 /* JournalDetailsViewController.swift */ = {isa = PBXFileReference; lastKnownFileType = sourcecode.swift; path = JournalDetailsViewController.swift; sourceTree = "<group>"; };
		7878B73F1FC12960003482B5 /* JournalListTableViewController.swift */ = {isa = PBXFileReference; lastKnownFileType = sourcecode.swift; path = JournalListTableViewController.swift; sourceTree = "<group>"; };
		7878B7411FC12F47003482B5 /* JournalProperties.swift */ = {isa = PBXFileReference; lastKnownFileType = sourcecode.swift; path = JournalProperties.swift; sourceTree = "<group>"; };
		8BD7178E1FBFBB1C002AB936 /* DocumentConversionV1.framework */ = {isa = PBXFileReference; lastKnownFileType = wrapper.framework; name = DocumentConversionV1.framework; path = Carthage/Build/iOS/DocumentConversionV1.framework; sourceTree = "<group>"; };
		8BD7178F1FBFBB1C002AB936 /* SpeechToTextV1.framework */ = {isa = PBXFileReference; lastKnownFileType = wrapper.framework; name = SpeechToTextV1.framework; path = Carthage/Build/iOS/SpeechToTextV1.framework; sourceTree = "<group>"; };
		8BD717901FBFBB1C002AB936 /* TradeoffAnalyticsV1.framework */ = {isa = PBXFileReference; lastKnownFileType = wrapper.framework; name = TradeoffAnalyticsV1.framework; path = Carthage/Build/iOS/TradeoffAnalyticsV1.framework; sourceTree = "<group>"; };
		8BD717911FBFBB1C002AB936 /* NaturalLanguageUnderstandingV1.framework */ = {isa = PBXFileReference; lastKnownFileType = wrapper.framework; name = NaturalLanguageUnderstandingV1.framework; path = Carthage/Build/iOS/NaturalLanguageUnderstandingV1.framework; sourceTree = "<group>"; };
		8BD717921FBFBB1C002AB936 /* ToneAnalyzerV3.framework */ = {isa = PBXFileReference; lastKnownFileType = wrapper.framework; name = ToneAnalyzerV3.framework; path = Carthage/Build/iOS/ToneAnalyzerV3.framework; sourceTree = "<group>"; };
		8BD717931FBFBB1C002AB936 /* DialogV1.framework */ = {isa = PBXFileReference; lastKnownFileType = wrapper.framework; name = DialogV1.framework; path = Carthage/Build/iOS/DialogV1.framework; sourceTree = "<group>"; };
		8BD717941FBFBB1C002AB936 /* AlchemyLanguageV1.framework */ = {isa = PBXFileReference; lastKnownFileType = wrapper.framework; name = AlchemyLanguageV1.framework; path = Carthage/Build/iOS/AlchemyLanguageV1.framework; sourceTree = "<group>"; };
		8BD717951FBFBB1D002AB936 /* RelationshipExtractionV1Beta.framework */ = {isa = PBXFileReference; lastKnownFileType = wrapper.framework; name = RelationshipExtractionV1Beta.framework; path = Carthage/Build/iOS/RelationshipExtractionV1Beta.framework; sourceTree = "<group>"; };
		8BD717961FBFBB1D002AB936 /* LanguageTranslatorV2.framework */ = {isa = PBXFileReference; lastKnownFileType = wrapper.framework; name = LanguageTranslatorV2.framework; path = Carthage/Build/iOS/LanguageTranslatorV2.framework; sourceTree = "<group>"; };
		8BD717971FBFBB1D002AB936 /* DiscoveryV1.framework */ = {isa = PBXFileReference; lastKnownFileType = wrapper.framework; name = DiscoveryV1.framework; path = Carthage/Build/iOS/DiscoveryV1.framework; sourceTree = "<group>"; };
		8BD717981FBFBB1D002AB936 /* PersonalityInsightsV3.framework */ = {isa = PBXFileReference; lastKnownFileType = wrapper.framework; name = PersonalityInsightsV3.framework; path = Carthage/Build/iOS/PersonalityInsightsV3.framework; sourceTree = "<group>"; };
		8BD717991FBFBB1D002AB936 /* RetrieveAndRankV1.framework */ = {isa = PBXFileReference; lastKnownFileType = wrapper.framework; name = RetrieveAndRankV1.framework; path = Carthage/Build/iOS/RetrieveAndRankV1.framework; sourceTree = "<group>"; };
		8BD7179A1FBFBB1D002AB936 /* TextToSpeechV1.framework */ = {isa = PBXFileReference; lastKnownFileType = wrapper.framework; name = TextToSpeechV1.framework; path = Carthage/Build/iOS/TextToSpeechV1.framework; sourceTree = "<group>"; };
		8BD7179B1FBFBB1D002AB936 /* ConversationV1.framework */ = {isa = PBXFileReference; lastKnownFileType = wrapper.framework; name = ConversationV1.framework; path = Carthage/Build/iOS/ConversationV1.framework; sourceTree = "<group>"; };
		8BD7179C1FBFBB1D002AB936 /* NaturalLanguageClassifierV1.framework */ = {isa = PBXFileReference; lastKnownFileType = wrapper.framework; name = NaturalLanguageClassifierV1.framework; path = Carthage/Build/iOS/NaturalLanguageClassifierV1.framework; sourceTree = "<group>"; };
		8BEE6C281FC2256D00A87588 /* MLSentimentModel.swift */ = {isa = PBXFileReference; lastKnownFileType = sourcecode.swift; path = MLSentimentModel.swift; sourceTree = "<group>"; };
		8BEE6C2A1FC2257000A87588 /* SentimentPolarity.mlmodel */ = {isa = PBXFileReference; lastKnownFileType = file.mlmodel; path = SentimentPolarity.mlmodel; sourceTree = "<group>"; };
		8BEE6C2B1FC2257300A87588 /* ToneAnalyzer.swift */ = {isa = PBXFileReference; lastKnownFileType = sourcecode.swift; path = ToneAnalyzer.swift; sourceTree = "<group>"; };
		8BEE6C2D1FC2257700A87588 /* LinguisticWrapper.swift */ = {isa = PBXFileReference; lastKnownFileType = sourcecode.swift; path = LinguisticWrapper.swift; sourceTree = "<group>"; };
		8BEE6C301FC226B500A87588 /* ClassificationService.swift */ = {isa = PBXFileReference; lastKnownFileType = sourcecode.swift; path = ClassificationService.swift; sourceTree = "<group>"; };
		8BEE6C321FC226DC00A87588 /* Sentiment.swift */ = {isa = PBXFileReference; lastKnownFileType = sourcecode.swift; path = Sentiment.swift; sourceTree = "<group>"; };
/* End PBXFileReference section */

/* Begin PBXFrameworksBuildPhase section */
		7856B1BC1FBCC7DE0014C0F9 /* Frameworks */ = {
			isa = PBXFrameworksBuildPhase;
			buildActionMask = 2147483647;
			files = (
				8B951AE91FBFCCD900FC171D /* DiscoveryV1.framework in Frameworks */,
				8BD7179D1FBFBB1D002AB936 /* DocumentConversionV1.framework in Frameworks */,
				8BD7179E1FBFBB1D002AB936 /* SpeechToTextV1.framework in Frameworks */,
				8BD7179F1FBFBB1D002AB936 /* TradeoffAnalyticsV1.framework in Frameworks */,
				8BD717A01FBFBB1D002AB936 /* NaturalLanguageUnderstandingV1.framework in Frameworks */,
				8BD717A11FBFBB1D002AB936 /* ToneAnalyzerV3.framework in Frameworks */,
				8B951AE31FBFCCD900FC171D /* AlchemyLanguageV1.framework in Frameworks */,
				8BD717A21FBFBB1D002AB936 /* DialogV1.framework in Frameworks */,
				8B951AED1FBFCCD900FC171D /* LanguageTranslatorV2.framework in Frameworks */,
				8BD717A41FBFBB1D002AB936 /* RelationshipExtractionV1Beta.framework in Frameworks */,
				8BD717A71FBFBB1D002AB936 /* PersonalityInsightsV3.framework in Frameworks */,
				8BD717A81FBFBB1D002AB936 /* RetrieveAndRankV1.framework in Frameworks */,
				8BD717A91FBFBB1D002AB936 /* TextToSpeechV1.framework in Frameworks */,
				8B951AEF1FBFCCD900FC171D /* NaturalLanguageClassifierV1.framework in Frameworks */,
				8B951AE51FBFCCD900FC171D /* ConversationV1.framework in Frameworks */,
			);
			runOnlyForDeploymentPostprocessing = 0;
		};
/* End PBXFrameworksBuildPhase section */

/* Begin PBXGroup section */
		7856B1B61FBCC7DE0014C0F9 = {
			isa = PBXGroup;
			children = (
				7856B1C11FBCC7DE0014C0F9 /* sampleJournal2 */,
				7856B1C01FBCC7DE0014C0F9 /* Products */,
				8BD7178D1FBFBB1C002AB936 /* Frameworks */,
			);
			sourceTree = "<group>";
		};
		7856B1C01FBCC7DE0014C0F9 /* Products */ = {
			isa = PBXGroup;
			children = (
				7856B1BF1FBCC7DE0014C0F9 /* 599 Prototype.app */,
			);
			name = Products;
			sourceTree = "<group>";
		};
		7856B1C11FBCC7DE0014C0F9 /* sampleJournal2 */ = {
			isa = PBXGroup;
			children = (
				8B554B491FC235EE00CD4AC5 /* IBM */,
				8B554B4A1FC235F900CD4AC5 /* Tagger */,
				8B554B4B1FC2361E00CD4AC5 /* CoreML */,
				8B554B4D1FC23DB200CD4AC5 /* Storyboard_SupportingFiles */,
				8B554B4C1FC23D9200CD4AC5 /* Controllers */,
				7856B1C91FBCC7DE0014C0F9 /* Assets.xcassets */,
				7856B1CE1FBCC7DE0014C0F9 /* Info.plist */,
				8B554B4E1FC23DF800CD4AC5 /* Journal */,
			);
			path = sampleJournal2;
			sourceTree = "<group>";
		};
		8B554B491FC235EE00CD4AC5 /* IBM */ = {
			isa = PBXGroup;
			children = (
				8BEE6C2B1FC2257300A87588 /* ToneAnalyzer.swift */,
			);
			path = IBM;
			sourceTree = "<group>";
		};
		8B554B4A1FC235F900CD4AC5 /* Tagger */ = {
			isa = PBXGroup;
			children = (
				8BEE6C2D1FC2257700A87588 /* LinguisticWrapper.swift */,
			);
			path = Tagger;
			sourceTree = "<group>";
		};
		8B554B4B1FC2361E00CD4AC5 /* CoreML */ = {
			isa = PBXGroup;
			children = (
				8BEE6C281FC2256D00A87588 /* MLSentimentModel.swift */,
				8BEE6C2A1FC2257000A87588 /* SentimentPolarity.mlmodel */,
				8BEE6C301FC226B500A87588 /* ClassificationService.swift */,
				8BEE6C321FC226DC00A87588 /* Sentiment.swift */,
			);
			path = CoreML;
			sourceTree = "<group>";
		};
		8B554B4C1FC23D9200CD4AC5 /* Controllers */ = {
			isa = PBXGroup;
			children = (
				7856B1C41FBCC7DE0014C0F9 /* NewJournalViewController.swift */,
				7878B7391FC12794003482B5 /* EntryPointViewController.swift */,
				7878B73D1FC127C1003482B5 /* JournalDetailsViewController.swift */,
				7878B73F1FC12960003482B5 /* JournalListTableViewController.swift */,
			);
			path = Controllers;
			sourceTree = "<group>";
		};
		8B554B4D1FC23DB200CD4AC5 /* Storyboard_SupportingFiles */ = {
			isa = PBXGroup;
			children = (
				7856B1C21FBCC7DE0014C0F9 /* AppDelegate.swift */,
				7856B1C61FBCC7DE0014C0F9 /* Main.storyboard */,
				7856B1CB1FBCC7DE0014C0F9 /* LaunchScreen.storyboard */,
			);
			path = Storyboard_SupportingFiles;
			sourceTree = "<group>";
		};
		8B554B4E1FC23DF800CD4AC5 /* Journal */ = {
			isa = PBXGroup;
			children = (
				7878B7411FC12F47003482B5 /* JournalProperties.swift */,
			);
			path = Journal;
			sourceTree = "<group>";
		};
		8BD7178D1FBFBB1C002AB936 /* Frameworks */ = {
			isa = PBXGroup;
			children = (
				8BD717941FBFBB1C002AB936 /* AlchemyLanguageV1.framework */,
				8BD7179B1FBFBB1D002AB936 /* ConversationV1.framework */,
				8BD717931FBFBB1C002AB936 /* DialogV1.framework */,
				8BD717971FBFBB1D002AB936 /* DiscoveryV1.framework */,
				8BD7178E1FBFBB1C002AB936 /* DocumentConversionV1.framework */,
				8BD717961FBFBB1D002AB936 /* LanguageTranslatorV2.framework */,
				8BD7179C1FBFBB1D002AB936 /* NaturalLanguageClassifierV1.framework */,
				8BD717911FBFBB1C002AB936 /* NaturalLanguageUnderstandingV1.framework */,
				8BD717981FBFBB1D002AB936 /* PersonalityInsightsV3.framework */,
				8BD717951FBFBB1D002AB936 /* RelationshipExtractionV1Beta.framework */,
				8BD717991FBFBB1D002AB936 /* RetrieveAndRankV1.framework */,
				8BD7178F1FBFBB1C002AB936 /* SpeechToTextV1.framework */,
				8BD7179A1FBFBB1D002AB936 /* TextToSpeechV1.framework */,
				8BD717921FBFBB1C002AB936 /* ToneAnalyzerV3.framework */,
				8BD717901FBFBB1C002AB936 /* TradeoffAnalyticsV1.framework */,
			);
			name = Frameworks;
			sourceTree = "<group>";
		};
/* End PBXGroup section */

/* Begin PBXNativeTarget section */
		7856B1BE1FBCC7DE0014C0F9 /* 599 Prototype */ = {
			isa = PBXNativeTarget;
			buildConfigurationList = 7856B1D11FBCC7DE0014C0F9 /* Build configuration list for PBXNativeTarget "599 Prototype" */;
			buildPhases = (
				7856B1BB1FBCC7DE0014C0F9 /* Sources */,
				7856B1BC1FBCC7DE0014C0F9 /* Frameworks */,
				7856B1BD1FBCC7DE0014C0F9 /* Resources */,
				8BD717AC1FBFBBB1002AB936 /* ShellScript */,
				8B951B011FBFCCDA00FC171D /* Embed Frameworks */,
			);
			buildRules = (
			);
			dependencies = (
			);
			name = "599 Prototype";
			productName = sampleJournal2;
			productReference = 7856B1BF1FBCC7DE0014C0F9 /* 599 Prototype.app */;
			productType = "com.apple.product-type.application";
		};
/* End PBXNativeTarget section */

/* Begin PBXProject section */
		7856B1B71FBCC7DE0014C0F9 /* Project object */ = {
			isa = PBXProject;
			attributes = {
				LastSwiftUpdateCheck = 0910;
				LastUpgradeCheck = 0910;
				ORGANIZATIONNAME = "Raza Qazi";
				TargetAttributes = {
					7856B1BE1FBCC7DE0014C0F9 = {
						CreatedOnToolsVersion = 9.1;
						ProvisioningStyle = Automatic;
					};
				};
			};
			buildConfigurationList = 7856B1BA1FBCC7DE0014C0F9 /* Build configuration list for PBXProject "599 Prototype" */;
			compatibilityVersion = "Xcode 8.0";
			developmentRegion = en;
			hasScannedForEncodings = 0;
			knownRegions = (
				en,
				Base,
			);
			mainGroup = 7856B1B61FBCC7DE0014C0F9;
			productRefGroup = 7856B1C01FBCC7DE0014C0F9 /* Products */;
			projectDirPath = "";
			projectRoot = "";
			targets = (
				7856B1BE1FBCC7DE0014C0F9 /* 599 Prototype */,
			);
		};
/* End PBXProject section */

/* Begin PBXResourcesBuildPhase section */
		7856B1BD1FBCC7DE0014C0F9 /* Resources */ = {
			isa = PBXResourcesBuildPhase;
			buildActionMask = 2147483647;
			files = (
				7856B1CD1FBCC7DE0014C0F9 /* LaunchScreen.storyboard in Resources */,
				7856B1CA1FBCC7DE0014C0F9 /* Assets.xcassets in Resources */,
				7856B1C81FBCC7DE0014C0F9 /* Main.storyboard in Resources */,
			);
			runOnlyForDeploymentPostprocessing = 0;
		};
/* End PBXResourcesBuildPhase section */

/* Begin PBXShellScriptBuildPhase section */
		8BD717AC1FBFBBB1002AB936 /* ShellScript */ = {
			isa = PBXShellScriptBuildPhase;
			buildActionMask = 8;
			files = (
			);
			inputPaths = (
				"$(SRCROOT)/Carthage/Build/iOS/TextToSpeechV1.framework",
				"$(SRCROOT)/Carthage/Build/iOS/DocumentConversionV1.framework",
				"$(SRCROOT)/Carthage/Build/iOS/SpeechToTextV1.framework",
				"$(SRCROOT)/Carthage/Build/iOS/TradeoffAnalyticsV1.framework",
				"$(SRCROOT)/Carthage/Build/iOS/NaturalLanguageUnderstanding.framework",
				"$(SRCROOT)/Carthage/Build/iOS/ToneAnalyzerV3.framework",
				"$(SRCROOT)/Carthage/Build/iOS/DialogV1.framework",
				"$(SRCROOT)/Carthage/Build/iOS/AlchemyLanguageV1.framework",
				"$(SRCROOT)/Carthage/Build/iOS/RelationshipExtractionV1Beta.framework",
				"$(SRCROOT)/Carthage/Build/iOS/LanguageTranslatorV2.framework",
				"$(SRCROOT)/Carthage/Build/iOS/DiscoveryV1.framework",
				"$(SRCROOT)/Carthage/Build/iOS/PersonalityInsightsV3.framework",
				"$(SRCROOT)/Carthage/Build/iOS/RetrieveAndRankV1.framework",
				"$(SRCROOT)/Carthage/Build/iOS/NaturalLanguageClassifierV1.framework",
				"$(SRCROOT)/Carthage/Build/iOS/ConversationV1.framework",
			);
			outputPaths = (
			);
			runOnlyForDeploymentPostprocessing = 1;
			shellPath = /bin/sh;
			shellScript = "/usr/local/bin/carthage copy-framework";
		};
/* End PBXShellScriptBuildPhase section */

/* Begin PBXSourcesBuildPhase section */
		7856B1BB1FBCC7DE0014C0F9 /* Sources */ = {
			isa = PBXSourcesBuildPhase;
			buildActionMask = 2147483647;
			files = (
				8BEE6C341FC2274600A87588 /* SentimentPolarity.mlmodel in Sources */,
				7878B73A1FC12794003482B5 /* EntryPointViewController.swift in Sources */,
				8BEE6C2C1FC2257300A87588 /* ToneAnalyzer.swift in Sources */,
				7878B73E1FC127C1003482B5 /* JournalDetailsViewController.swift in Sources */,
				8BEE6C331FC226DC00A87588 /* Sentiment.swift in Sources */,
				7856B1C51FBCC7DE0014C0F9 /* NewJournalViewController.swift in Sources */,
				7856B1C31FBCC7DE0014C0F9 /* AppDelegate.swift in Sources */,
				8BEE6C2E1FC2257700A87588 /* LinguisticWrapper.swift in Sources */,
				8BEE6C291FC2256D00A87588 /* MLSentimentModel.swift in Sources */,
				7878B7421FC12F47003482B5 /* JournalProperties.swift in Sources */,
				7878B7401FC12960003482B5 /* JournalListTableViewController.swift in Sources */,
				8BEE6C311FC226B500A87588 /* ClassificationService.swift in Sources */,
			);
			runOnlyForDeploymentPostprocessing = 0;
		};
/* End PBXSourcesBuildPhase section */

/* Begin PBXVariantGroup section */
		7856B1C61FBCC7DE0014C0F9 /* Main.storyboard */ = {
			isa = PBXVariantGroup;
			children = (
				7856B1C71FBCC7DE0014C0F9 /* Base */,
			);
			name = Main.storyboard;
			sourceTree = "<group>";
		};
		7856B1CB1FBCC7DE0014C0F9 /* LaunchScreen.storyboard */ = {
			isa = PBXVariantGroup;
			children = (
				7856B1CC1FBCC7DE0014C0F9 /* Base */,
			);
			name = LaunchScreen.storyboard;
			sourceTree = "<group>";
		};
/* End PBXVariantGroup section */

/* Begin XCBuildConfiguration section */
		7856B1CF1FBCC7DE0014C0F9 /* Debug */ = {
			isa = XCBuildConfiguration;
			buildSettings = {
				ALWAYS_SEARCH_USER_PATHS = NO;
				CLANG_ANALYZER_NONNULL = YES;
				CLANG_ANALYZER_NUMBER_OBJECT_CONVERSION = YES_AGGRESSIVE;
				CLANG_CXX_LANGUAGE_STANDARD = "gnu++14";
				CLANG_CXX_LIBRARY = "libc++";
				CLANG_ENABLE_MODULES = YES;
				CLANG_ENABLE_OBJC_ARC = YES;
				CLANG_WARN_BLOCK_CAPTURE_AUTORELEASING = YES;
				CLANG_WARN_BOOL_CONVERSION = YES;
				CLANG_WARN_COMMA = YES;
				CLANG_WARN_CONSTANT_CONVERSION = YES;
				CLANG_WARN_DIRECT_OBJC_ISA_USAGE = YES_ERROR;
				CLANG_WARN_DOCUMENTATION_COMMENTS = YES;
				CLANG_WARN_EMPTY_BODY = YES;
				CLANG_WARN_ENUM_CONVERSION = YES;
				CLANG_WARN_INFINITE_RECURSION = YES;
				CLANG_WARN_INT_CONVERSION = YES;
				CLANG_WARN_NON_LITERAL_NULL_CONVERSION = YES;
				CLANG_WARN_OBJC_LITERAL_CONVERSION = YES;
				CLANG_WARN_OBJC_ROOT_CLASS = YES_ERROR;
				CLANG_WARN_RANGE_LOOP_ANALYSIS = YES;
				CLANG_WARN_STRICT_PROTOTYPES = YES;
				CLANG_WARN_SUSPICIOUS_MOVE = YES;
				CLANG_WARN_UNGUARDED_AVAILABILITY = YES_AGGRESSIVE;
				CLANG_WARN_UNREACHABLE_CODE = YES;
				CLANG_WARN__DUPLICATE_METHOD_MATCH = YES;
				CODE_SIGN_IDENTITY = "iPhone Developer";
				COPY_PHASE_STRIP = NO;
				DEBUG_INFORMATION_FORMAT = dwarf;
				ENABLE_STRICT_OBJC_MSGSEND = YES;
				ENABLE_TESTABILITY = YES;
				GCC_C_LANGUAGE_STANDARD = gnu11;
				GCC_DYNAMIC_NO_PIC = NO;
				GCC_NO_COMMON_BLOCKS = YES;
				GCC_OPTIMIZATION_LEVEL = 0;
				GCC_PREPROCESSOR_DEFINITIONS = (
					"DEBUG=1",
					"$(inherited)",
				);
				GCC_WARN_64_TO_32_BIT_CONVERSION = YES;
				GCC_WARN_ABOUT_RETURN_TYPE = YES_ERROR;
				GCC_WARN_UNDECLARED_SELECTOR = YES;
				GCC_WARN_UNINITIALIZED_AUTOS = YES_AGGRESSIVE;
				GCC_WARN_UNUSED_FUNCTION = YES;
				GCC_WARN_UNUSED_VARIABLE = YES;
				IPHONEOS_DEPLOYMENT_TARGET = 11.1;
				MTL_ENABLE_DEBUG_INFO = YES;
				ONLY_ACTIVE_ARCH = YES;
				SDKROOT = iphoneos;
				SWIFT_ACTIVE_COMPILATION_CONDITIONS = DEBUG;
				SWIFT_OPTIMIZATION_LEVEL = "-Onone";
			};
			name = Debug;
		};
		7856B1D01FBCC7DE0014C0F9 /* Release */ = {
			isa = XCBuildConfiguration;
			buildSettings = {
				ALWAYS_SEARCH_USER_PATHS = NO;
				CLANG_ANALYZER_NONNULL = YES;
				CLANG_ANALYZER_NUMBER_OBJECT_CONVERSION = YES_AGGRESSIVE;
				CLANG_CXX_LANGUAGE_STANDARD = "gnu++14";
				CLANG_CXX_LIBRARY = "libc++";
				CLANG_ENABLE_MODULES = YES;
				CLANG_ENABLE_OBJC_ARC = YES;
				CLANG_WARN_BLOCK_CAPTURE_AUTORELEASING = YES;
				CLANG_WARN_BOOL_CONVERSION = YES;
				CLANG_WARN_COMMA = YES;
				CLANG_WARN_CONSTANT_CONVERSION = YES;
				CLANG_WARN_DIRECT_OBJC_ISA_USAGE = YES_ERROR;
				CLANG_WARN_DOCUMENTATION_COMMENTS = YES;
				CLANG_WARN_EMPTY_BODY = YES;
				CLANG_WARN_ENUM_CONVERSION = YES;
				CLANG_WARN_INFINITE_RECURSION = YES;
				CLANG_WARN_INT_CONVERSION = YES;
				CLANG_WARN_NON_LITERAL_NULL_CONVERSION = YES;
				CLANG_WARN_OBJC_LITERAL_CONVERSION = YES;
				CLANG_WARN_OBJC_ROOT_CLASS = YES_ERROR;
				CLANG_WARN_RANGE_LOOP_ANALYSIS = YES;
				CLANG_WARN_STRICT_PROTOTYPES = YES;
				CLANG_WARN_SUSPICIOUS_MOVE = YES;
				CLANG_WARN_UNGUARDED_AVAILABILITY = YES_AGGRESSIVE;
				CLANG_WARN_UNREACHABLE_CODE = YES;
				CLANG_WARN__DUPLICATE_METHOD_MATCH = YES;
				CODE_SIGN_IDENTITY = "iPhone Developer";
				COPY_PHASE_STRIP = NO;
				DEBUG_INFORMATION_FORMAT = "dwarf-with-dsym";
				ENABLE_NS_ASSERTIONS = NO;
				ENABLE_STRICT_OBJC_MSGSEND = YES;
				GCC_C_LANGUAGE_STANDARD = gnu11;
				GCC_NO_COMMON_BLOCKS = YES;
				GCC_WARN_64_TO_32_BIT_CONVERSION = YES;
				GCC_WARN_ABOUT_RETURN_TYPE = YES_ERROR;
				GCC_WARN_UNDECLARED_SELECTOR = YES;
				GCC_WARN_UNINITIALIZED_AUTOS = YES_AGGRESSIVE;
				GCC_WARN_UNUSED_FUNCTION = YES;
				GCC_WARN_UNUSED_VARIABLE = YES;
				IPHONEOS_DEPLOYMENT_TARGET = 11.1;
				MTL_ENABLE_DEBUG_INFO = NO;
				SDKROOT = iphoneos;
				SWIFT_OPTIMIZATION_LEVEL = "-Owholemodule";
				VALIDATE_PRODUCT = YES;
			};
			name = Release;
		};
		7856B1D21FBCC7DE0014C0F9 /* Debug */ = {
			isa = XCBuildConfiguration;
			buildSettings = {
				ASSETCATALOG_COMPILER_APPICON_NAME = AppIcon;
				"CODE_SIGN_IDENTITY[sdk=iphoneos*]" = "iPhone Developer";
				CODE_SIGN_STYLE = Automatic;
				DEVELOPMENT_TEAM = H3ZQG64QBF;
				FRAMEWORK_SEARCH_PATHS = (
					"$(inherited)",
					"$(PROJECT_DIR)/Carthage/Build/iOS",
				);
				INFOPLIST_FILE = sampleJournal2/Info.plist;
				LD_RUNPATH_SEARCH_PATHS = "$(inherited) @executable_path/Frameworks";
				PRODUCT_BUNDLE_IDENTIFIER = cpsc599.599prototype;
				PRODUCT_NAME = "$(TARGET_NAME)";
				PROVISIONING_PROFILE_SPECIFIER = "";
				SWIFT_VERSION = 4.0;
				TARGETED_DEVICE_FAMILY = "1,2";
			};
			name = Debug;
		};
		7856B1D31FBCC7DE0014C0F9 /* Release */ = {
			isa = XCBuildConfiguration;
			buildSettings = {
				ASSETCATALOG_COMPILER_APPICON_NAME = AppIcon;
				"CODE_SIGN_IDENTITY[sdk=iphoneos*]" = "iPhone Developer";
				CODE_SIGN_STYLE = Automatic;
				DEVELOPMENT_TEAM = H3ZQG64QBF;
				FRAMEWORK_SEARCH_PATHS = (
					"$(inherited)",
					"$(PROJECT_DIR)/Carthage/Build/iOS",
				);
				INFOPLIST_FILE = sampleJournal2/Info.plist;
				LD_RUNPATH_SEARCH_PATHS = "$(inherited) @executable_path/Frameworks";
				PRODUCT_BUNDLE_IDENTIFIER = cpsc599.599prototype;
				PRODUCT_NAME = "$(TARGET_NAME)";
				PROVISIONING_PROFILE_SPECIFIER = "";
				SWIFT_VERSION = 4.0;
				TARGETED_DEVICE_FAMILY = "1,2";
			};
			name = Release;
		};
/* End XCBuildConfiguration section */

/* Begin XCConfigurationList section */
		7856B1BA1FBCC7DE0014C0F9 /* Build configuration list for PBXProject "599 Prototype" */ = {
			isa = XCConfigurationList;
			buildConfigurations = (
				7856B1CF1FBCC7DE0014C0F9 /* Debug */,
				7856B1D01FBCC7DE0014C0F9 /* Release */,
			);
			defaultConfigurationIsVisible = 0;
			defaultConfigurationName = Release;
		};
		7856B1D11FBCC7DE0014C0F9 /* Build configuration list for PBXNativeTarget "599 Prototype" */ = {
			isa = XCConfigurationList;
			buildConfigurations = (
				7856B1D21FBCC7DE0014C0F9 /* Debug */,
				7856B1D31FBCC7DE0014C0F9 /* Release */,
			);
			defaultConfigurationIsVisible = 0;
			defaultConfigurationName = Release;
		};
/* End XCConfigurationList section */
	};
	rootObject = 7856B1B71FBCC7DE0014C0F9 /* Project object */;
}
